
Microsoft Visual Studio Solution File, Format Version 12.00
# Visual Studio Version 16
VisualStudioVersion = 16.0.32802.440
MinimumVisualStudioVersion = 10.0.40219.1
Project("{FAE04EC0-301F-11D3-BF4B-00C04F79EFBC}") = "BankQuestionv3", "BankQuestionv3\BankQuestionv3.csproj", "{4ECCA198-663B-4965-8314-87F391C45538}"
EndProject
Global
	GlobalSection(SolutionConfigurationPlatforms) = preSolution
		Debug|Any CPU = Debug|Any CPU
		Release|Any CPU = Release|Any CPU
	EndGlobalSection
	GlobalSection(ProjectConfigurationPlatforms) = postSolution
		{4ECCA198-663B-4965-8314-87F391C45538}.Debug|Any CPU.ActiveCfg = Debug|Any CPU
		{4ECCA198-663B-4965-8314-87F391C45538}.Debug|Any CPU.Build.0 = Debug|Any CPU
		{4ECCA198-663B-4965-8314-87F391C45538}.Release|Any CPU.ActiveCfg = Release|Any CPU
		{4ECCA198-663B-4965-8314-87F391C45538}.Release|Any CPU.Build.0 = Release|Any CPU
	EndGlobalSection
	GlobalSection(SolutionProperties) = preSolution
		HideSolutionNode = FALSE
	EndGlobalSection
	GlobalSection(ExtensibilityGlobals) = postSolution
		SolutionGuid = {12611E55-2DE4-46B4-9140-6F953BC674CA}
	EndGlobalSection
EndGlobal
